
Microsoft Visual Studio Solution File, Format Version 12.00
# Visual Studio Version 16
VisualStudioVersion = 16.0.29613.14
MinimumVisualStudioVersion = 10.0.40219.1
Project("{FAE04EC0-301F-11D3-BF4B-00C04F79EFBC}") = "ModelBindingSample", "ModelBindingSample\ModelBindingSample.csproj", "{8B2A9CE9-045D-4470-8E7D-CF46D6EAB799}"
EndProject
Global
	GlobalSection(SolutionConfigurationPlatforms) = preSolution
		Debug|Any CPU = Debug|Any CPU
		Release|Any CPU = Release|Any CPU
	EndGlobalSection
	GlobalSection(ProjectConfigurationPlatforms) = postSolution
		{8B2A9CE9-045D-4470-8E7D-CF46D6EAB799}.Debug|Any CPU.ActiveCfg = Debug|Any CPU
		{8B2A9CE9-045D-4470-8E7D-CF46D6EAB799}.Debug|Any CPU.Build.0 = Debug|Any CPU
		{8B2A9CE9-045D-4470-8E7D-CF46D6EAB799}.Release|Any CPU.ActiveCfg = Release|Any CPU
		{8B2A9CE9-045D-4470-8E7D-CF46D6EAB799}.Release|Any CPU.Build.0 = Release|Any CPU
	EndGlobalSection
	GlobalSection(SolutionProperties) = preSolution
		HideSolutionNode = FALSE
	EndGlobalSection
	GlobalSection(ExtensibilityGlobals) = postSolution
		SolutionGuid = {7CA13510-F584-44C3-AA9B-EF715623D494}
	EndGlobalSection
EndGlobal
